// !$*UTF8*$!
{
	archiveVersion = 1;
	classes = {
	};
	objectVersion = 48;
	objects = {

/* Begin PBXBuildFile section */
		D48E60E11F630C2300F7581F /* AppDelegate.swift in Sources */ = {isa = PBXBuildFile; fileRef = D48E60E01F630C2300F7581F /* AppDelegate.swift */; };
		D48E60E31F630C2300F7581F /* CBPeriferalManagerViewController.swift in Sources */ = {isa = PBXBuildFile; fileRef = D48E60E21F630C2300F7581F /* CBPeriferalManagerViewController.swift */; };
		D48E60E61F630C2300F7581F /* Main.storyboard in Resources */ = {isa = PBXBuildFile; fileRef = D48E60E41F630C2300F7581F /* Main.storyboard */; };
		D48E60E81F630C2300F7581F /* Assets.xcassets in Resources */ = {isa = PBXBuildFile; fileRef = D48E60E71F630C2300F7581F /* Assets.xcassets */; };
		D48E60EB1F630C2300F7581F /* LaunchScreen.storyboard in Resources */ = {isa = PBXBuildFile; fileRef = D48E60E91F630C2300F7581F /* LaunchScreen.storyboard */; };
		D4A3498A1F6447DB00F1F6B2 /* CBCentralManagerViewController.swift in Sources */ = {isa = PBXBuildFile; fileRef = D4A349891F6447DB00F1F6B2 /* CBCentralManagerViewController.swift */; };
		D4A3498C1F64533500F1F6B2 /* KnownDevices.swift in Sources */ = {isa = PBXBuildFile; fileRef = D4A3498B1F64533500F1F6B2 /* KnownDevices.swift */; };
		D4A3498E1F645CDE00F1F6B2 /* PeripheralViewController.swift in Sources */ = {isa = PBXBuildFile; fileRef = D4A3498D1F645CDE00F1F6B2 /* PeripheralViewController.swift */; };
/* End PBXBuildFile section */

/* Begin PBXFileReference section */
		D48E60DD1F630C2300F7581F /* bluetooth-le-test.app */ = {isa = PBXFileReference; explicitFileType = wrapper.application; includeInIndex = 0; path = "bluetooth-le-test.app"; sourceTree = BUILT_PRODUCTS_DIR; };
		D48E60E01F630C2300F7581F /* AppDelegate.swift */ = {isa = PBXFileReference; lastKnownFileType = sourcecode.swift; path = AppDelegate.swift; sourceTree = "<group>"; };
		D48E60E21F630C2300F7581F /* CBPeriferalManagerViewController.swift */ = {isa = PBXFileReference; lastKnownFileType = sourcecode.swift; path = CBPeriferalManagerViewController.swift; sourceTree = "<group>"; };
		D48E60E51F630C2300F7581F /* Base */ = {isa = PBXFileReference; lastKnownFileType = file.storyboard; name = Base; path = Base.lproj/Main.storyboard; sourceTree = "<group>"; };
		D48E60E71F630C2300F7581F /* Assets.xcassets */ = {isa = PBXFileReference; lastKnownFileType = folder.assetcatalog; path = Assets.xcassets; sourceTree = "<group>"; };
		D48E60EA1F630C2300F7581F /* Base */ = {isa = PBXFileReference; lastKnownFileType = file.storyboard; name = Base; path = Base.lproj/LaunchScreen.storyboard; sourceTree = "<group>"; };
		D48E60EC1F630C2300F7581F /* Info.plist */ = {isa = PBXFileReference; lastKnownFileType = text.plist.xml; path = Info.plist; sourceTree = "<group>"; };
		D4A349891F6447DB00F1F6B2 /* CBCentralManagerViewController.swift */ = {isa = PBXFileReference; lastKnownFileType = sourcecode.swift; path = CBCentralManagerViewController.swift; sourceTree = "<group>"; };
		D4A3498B1F64533500F1F6B2 /* KnownDevices.swift */ = {isa = PBXFileReference; lastKnownFileType = sourcecode.swift; path = KnownDevices.swift; sourceTree = "<group>"; };
		D4A3498D1F645CDE00F1F6B2 /* PeripheralViewController.swift */ = {isa = PBXFileReference; lastKnownFileType = sourcecode.swift; path = PeripheralViewController.swift; sourceTree = "<group>"; };
/* End PBXFileReference section */

/* Begin PBXFrameworksBuildPhase section */
		D48E60DA1F630C2300F7581F /* Frameworks */ = {
			isa = PBXFrameworksBuildPhase;
			buildActionMask = 2147483647;
			files = (
			);
			runOnlyForDeploymentPostprocessing = 0;
		};
/* End PBXFrameworksBuildPhase section */

/* Begin PBXGroup section */
		D48E60D41F630C2300F7581F = {
			isa = PBXGroup;
			children = (
				D48E60DF1F630C2300F7581F /* bluetooth-le-test */,
				D48E60DE1F630C2300F7581F /* Products */,
			);
			sourceTree = "<group>";
		};
		D48E60DE1F630C2300F7581F /* Products */ = {
			isa = PBXGroup;
			children = (
				D48E60DD1F630C2300F7581F /* bluetooth-le-test.app */,
			);
			name = Products;
			sourceTree = "<group>";
		};
		D48E60DF1F630C2300F7581F /* bluetooth-le-test */ = {
			isa = PBXGroup;
			children = (
				D48E60E01F630C2300F7581F /* AppDelegate.swift */,
				D48E60E21F630C2300F7581F /* CBPeriferalManagerViewController.swift */,
				D4A349891F6447DB00F1F6B2 /* CBCentralManagerViewController.swift */,
				D48E60E41F630C2300F7581F /* Main.storyboard */,
				D48E60E71F630C2300F7581F /* Assets.xcassets */,
				D48E60E91F630C2300F7581F /* LaunchScreen.storyboard */,
				D48E60EC1F630C2300F7581F /* Info.plist */,
				D4A3498B1F64533500F1F6B2 /* KnownDevices.swift */,
				D4A3498D1F645CDE00F1F6B2 /* PeripheralViewController.swift */,
			);
			path = "bluetooth-le-test";
			sourceTree = "<group>";
		};
/* End PBXGroup section */

/* Begin PBXNativeTarget section */
		D48E60DC1F630C2300F7581F /* bluetooth-le-test */ = {
			isa = PBXNativeTarget;
			buildConfigurationList = D48E60EF1F630C2300F7581F /* Build configuration list for PBXNativeTarget "bluetooth-le-test" */;
			buildPhases = (
				D48E60D91F630C2300F7581F /* Sources */,
				D48E60DA1F630C2300F7581F /* Frameworks */,
				D48E60DB1F630C2300F7581F /* Resources */,
			);
			buildRules = (
			);
			dependencies = (
			);
			name = "bluetooth-le-test";
			productName = "bluetooth-le-test";
			productReference = D48E60DD1F630C2300F7581F /* bluetooth-le-test.app */;
			productType = "com.apple.product-type.application";
		};
/* End PBXNativeTarget section */

/* Begin PBXProject section */
		D48E60D51F630C2300F7581F /* Project object */ = {
			isa = PBXProject;
			attributes = {
				LastSwiftUpdateCheck = 0900;
				LastUpgradeCheck = 0900;
				ORGANIZATIONNAME = Joey;
				TargetAttributes = {
					D48E60DC1F630C2300F7581F = {
						CreatedOnToolsVersion = 9.0;
					};
				};
			};
			buildConfigurationList = D48E60D81F630C2300F7581F /* Build configuration list for PBXProject "bluetooth-le-test" */;
			compatibilityVersion = "Xcode 8.0";
			developmentRegion = en;
			hasScannedForEncodings = 0;
			knownRegions = (
				en,
				Base,
			);
			mainGroup = D48E60D41F630C2300F7581F;
			productRefGroup = D48E60DE1F630C2300F7581F /* Products */;
			projectDirPath = "";
			projectRoot = "";
			targets = (
				D48E60DC1F630C2300F7581F /* bluetooth-le-test */,
			);
		};
/* End PBXProject section */

/* Begin PBXResourcesBuildPhase section */
		D48E60DB1F630C2300F7581F /* Resources */ = {
			isa = PBXResourcesBuildPhase;
			buildActionMask = 2147483647;
			files = (
				D48E60EB1F630C2300F7581F /* LaunchScreen.storyboard in Resources */,
				D48E60E81F630C2300F7581F /* Assets.xcassets in Resources */,
				D48E60E61F630C2300F7581F /* Main.storyboard in Resources */,
			);
			runOnlyForDeploymentPostprocessing = 0;
		};
/* End PBXResourcesBuildPhase section */

/* Begin PBXSourcesBuildPhase section */
		D48E60D91F630C2300F7581F /* Sources */ = {
			isa = PBXSourcesBuildPhase;
			buildActionMask = 2147483647;
			files = (
				D4A3498E1F645CDE00F1F6B2 /* PeripheralViewController.swift in Sources */,
				D4A3498A1F6447DB00F1F6B2 /* CBCentralManagerViewController.swift in Sources */,
				D4A3498C1F64533500F1F6B2 /* KnownDevices.swift in Sources */,
				D48E60E31F630C2300F7581F /* CBPeriferalManagerViewController.swift in Sources */,
				D48E60E11F630C2300F7581F /* AppDelegate.swift in Sources */,
			);
			runOnlyForDeploymentPostprocessing = 0;
		};
/* End PBXSourcesBuildPhase section */

/* Begin PBXVariantGroup section */
		D48E60E41F630C2300F7581F /* Main.storyboard */ = {
			isa = PBXVariantGroup;
			children = (
				D48E60E51F630C2300F7581F /* Base */,
			);
			name = Main.storyboard;
			sourceTree = "<group>";
		};
		D48E60E91F630C2300F7581F /* LaunchScreen.storyboard */ = {
			isa = PBXVariantGroup;
			children = (
				D48E60EA1F630C2300F7581F /* Base */,
			);
			name = LaunchScreen.storyboard;
			sourceTree = "<group>";
		};
/* End PBXVariantGroup section */

/* Begin XCBuildConfiguration section */
		D48E60ED1F630C2300F7581F /* Debug */ = {
			isa = XCBuildConfiguration;
			buildSettings = {
				ALWAYS_SEARCH_USER_PATHS = NO;
				CLANG_ANALYZER_NONNULL = YES;
				CLANG_ANALYZER_NUMBER_OBJECT_CONVERSION = YES_AGGRESSIVE;
				CLANG_CXX_LANGUAGE_STANDARD = "gnu++14";
				CLANG_CXX_LIBRARY = "libc++";
				CLANG_ENABLE_MODULES = YES;
				CLANG_ENABLE_OBJC_ARC = YES;
				CLANG_WARN_BLOCK_CAPTURE_AUTORELEASING = YES;
				CLANG_WARN_BOOL_CONVERSION = YES;
				CLANG_WARN_COMMA = YES;
				CLANG_WARN_CONSTANT_CONVERSION = YES;
				CLANG_WARN_DIRECT_OBJC_ISA_USAGE = YES_ERROR;
				CLANG_WARN_DOCUMENTATION_COMMENTS = YES;
				CLANG_WARN_EMPTY_BODY = YES;
				CLANG_WARN_ENUM_CONVERSION = YES;
				CLANG_WARN_INFINITE_RECURSION = YES;
				CLANG_WARN_INT_CONVERSION = YES;
				CLANG_WARN_NON_LITERAL_NULL_CONVERSION = YES;
				CLANG_WARN_OBJC_LITERAL_CONVERSION = YES;
				CLANG_WARN_OBJC_ROOT_CLASS = YES_ERROR;
				CLANG_WARN_RANGE_LOOP_ANALYSIS = YES;
				CLANG_WARN_STRICT_PROTOTYPES = YES;
				CLANG_WARN_SUSPICIOUS_MOVE = YES;
				CLANG_WARN_UNGUARDED_AVAILABILITY = YES_AGGRESSIVE;
				CLANG_WARN_UNREACHABLE_CODE = YES;
				CLANG_WARN__DUPLICATE_METHOD_MATCH = YES;
				CODE_SIGN_IDENTITY = "iPhone Developer";
				COPY_PHASE_STRIP = NO;
				DEBUG_INFORMATION_FORMAT = dwarf;
				ENABLE_STRICT_OBJC_MSGSEND = YES;
				ENABLE_TESTABILITY = YES;
				GCC_C_LANGUAGE_STANDARD = gnu11;
				GCC_DYNAMIC_NO_PIC = NO;
				GCC_NO_COMMON_BLOCKS = YES;
				GCC_OPTIMIZATION_LEVEL = 0;
				GCC_PREPROCESSOR_DEFINITIONS = (
					"DEBUG=1",
					"$(inherited)",
				);
				GCC_WARN_64_TO_32_BIT_CONVERSION = YES;
				GCC_WARN_ABOUT_RETURN_TYPE = YES_ERROR;
				GCC_WARN_UNDECLARED_SELECTOR = YES;
				GCC_WARN_UNINITIALIZED_AUTOS = YES_AGGRESSIVE;
				GCC_WARN_UNUSED_FUNCTION = YES;
				GCC_WARN_UNUSED_VARIABLE = YES;
				IPHONEOS_DEPLOYMENT_TARGET = 11.0;
				MTL_ENABLE_DEBUG_INFO = YES;
				ONLY_ACTIVE_ARCH = YES;
				SDKROOT = iphoneos;
				SWIFT_ACTIVE_COMPILATION_CONDITIONS = DEBUG;
				SWIFT_OPTIMIZATION_LEVEL = "-Onone";
			};
			name = Debug;
		};
		D48E60EE1F630C2300F7581F /* Release */ = {
			isa = XCBuildConfiguration;
			buildSettings = {
				ALWAYS_SEARCH_USER_PATHS = NO;
				CLANG_ANALYZER_NONNULL = YES;
				CLANG_ANALYZER_NUMBER_OBJECT_CONVERSION = YES_AGGRESSIVE;
				CLANG_CXX_LANGUAGE_STANDARD = "gnu++14";
				CLANG_CXX_LIBRARY = "libc++";
				CLANG_ENABLE_MODULES = YES;
				CLANG_ENABLE_OBJC_ARC = YES;
				CLANG_WARN_BLOCK_CAPTURE_AUTORELEASING = YES;
				CLANG_WARN_BOOL_CONVERSION = YES;
				CLANG_WARN_COMMA = YES;
				CLANG_WARN_CONSTANT_CONVERSION = YES;
				CLANG_WARN_DIRECT_OBJC_ISA_USAGE = YES_ERROR;
				CLANG_WARN_DOCUMENTATION_COMMENTS = YES;
				CLANG_WARN_EMPTY_BODY = YES;
				CLANG_WARN_ENUM_CONVERSION = YES;
				CLANG_WARN_INFINITE_RECURSION = YES;
				CLANG_WARN_INT_CONVERSION = YES;
				CLANG_WARN_NON_LITERAL_NULL_CONVERSION = YES;
				CLANG_WARN_OBJC_LITERAL_CONVERSION = YES;
				CLANG_WARN_OBJC_ROOT_CLASS = YES_ERROR;
				CLANG_WARN_RANGE_LOOP_ANALYSIS = YES;
				CLANG_WARN_STRICT_PROTOTYPES = YES;
				CLANG_WARN_SUSPICIOUS_MOVE = YES;
				CLANG_WARN_UNGUARDED_AVAILABILITY = YES_AGGRESSIVE;
				CLANG_WARN_UNREACHABLE_CODE = YES;
				CLANG_WARN__DUPLICATE_METHOD_MATCH = YES;
				CODE_SIGN_IDENTITY = "iPhone Developer";
				COPY_PHASE_STRIP = NO;
				DEBUG_INFORMATION_FORMAT = "dwarf-with-dsym";
				ENABLE_NS_ASSERTIONS = NO;
				ENABLE_STRICT_OBJC_MSGSEND = YES;
				GCC_C_LANGUAGE_STANDARD = gnu11;
				GCC_NO_COMMON_BLOCKS = YES;
				GCC_WARN_64_TO_32_BIT_CONVERSION = YES;
				GCC_WARN_ABOUT_RETURN_TYPE = YES_ERROR;
				GCC_WARN_UNDECLARED_SELECTOR = YES;
				GCC_WARN_UNINITIALIZED_AUTOS = YES_AGGRESSIVE;
				GCC_WARN_UNUSED_FUNCTION = YES;
				GCC_WARN_UNUSED_VARIABLE = YES;
				IPHONEOS_DEPLOYMENT_TARGET = 11.0;
				MTL_ENABLE_DEBUG_INFO = NO;
				SDKROOT = iphoneos;
				SWIFT_OPTIMIZATION_LEVEL = "-Owholemodule";
				VALIDATE_PRODUCT = YES;
			};
			name = Release;
		};
		D48E60F01F630C2300F7581F /* Debug */ = {
			isa = XCBuildConfiguration;
			buildSettings = {
				ASSETCATALOG_COMPILER_APPICON_NAME = AppIcon;
				DEVELOPMENT_TEAM = CN9GMMYM4F;
				INFOPLIST_FILE = "bluetooth-le-test/Info.plist";
				LD_RUNPATH_SEARCH_PATHS = "$(inherited) @executable_path/Frameworks";
				PRODUCT_BUNDLE_IDENTIFIER = "co.joey.bluetooth-le-test";
				PRODUCT_NAME = "$(TARGET_NAME)";
				SWIFT_VERSION = 4.0;
				TARGETED_DEVICE_FAMILY = "1,2";
			};
			name = Debug;
		};
		D48E60F11F630C2300F7581F /* Release */ = {
			isa = XCBuildConfiguration;
			buildSettings = {
				ASSETCATALOG_COMPILER_APPICON_NAME = AppIcon;
				DEVELOPMENT_TEAM = CN9GMMYM4F;
				INFOPLIST_FILE = "bluetooth-le-test/Info.plist";
				LD_RUNPATH_SEARCH_PATHS = "$(inherited) @executable_path/Frameworks";
				PRODUCT_BUNDLE_IDENTIFIER = "co.joey.bluetooth-le-test";
				PRODUCT_NAME = "$(TARGET_NAME)";
				SWIFT_VERSION = 4.0;
				TARGETED_DEVICE_FAMILY = "1,2";
			};
			name = Release;
		};
/* End XCBuildConfiguration section */

/* Begin XCConfigurationList section */
		D48E60D81F630C2300F7581F /* Build configuration list for PBXProject "bluetooth-le-test" */ = {
			isa = XCConfigurationList;
			buildConfigurations = (
				D48E60ED1F630C2300F7581F /* Debug */,
				D48E60EE1F630C2300F7581F /* Release */,
			);
			defaultConfigurationIsVisible = 0;
			defaultConfigurationName = Release;
		};
		D48E60EF1F630C2300F7581F /* Build configuration list for PBXNativeTarget "bluetooth-le-test" */ = {
			isa = XCConfigurationList;
			buildConfigurations = (
				D48E60F01F630C2300F7581F /* Debug */,
				D48E60F11F630C2300F7581F /* Release */,
			);
			defaultConfigurationIsVisible = 0;
			defaultConfigurationName = Release;
		};
/* End XCConfigurationList section */
	};
	rootObject = D48E60D51F630C2300F7581F /* Project object */;
}
